
Microsoft Visual Studio Solution File, Format Version 12.00
# Visual Studio Version 16
VisualStudioVersion = 16.0.31025.194
MinimumVisualStudioVersion = 10.0.40219.1
Project("{FAE04EC0-301F-11D3-BF4B-00C04F79EFBC}") = "EditorApp", "EditorApp.csproj", "{A09333B1-00FD-46F5-8E79-F6F03F7EA662}"
EndProject
Global
	GlobalSection(SolutionConfigurationPlatforms) = preSolution
		Debug|Any CPU = Debug|Any CPU
		Release|Any CPU = Release|Any CPU
	EndGlobalSection
	GlobalSection(ProjectConfigurationPlatforms) = postSolution
		{A09333B1-00FD-46F5-8E79-F6F03F7EA662}.Debug|Any CPU.ActiveCfg = Debug|Any CPU
		{A09333B1-00FD-46F5-8E79-F6F03F7EA662}.Debug|Any CPU.Build.0 = Debug|Any CPU
		{A09333B1-00FD-46F5-8E79-F6F03F7EA662}.Release|Any CPU.ActiveCfg = Release|Any CPU
		{A09333B1-00FD-46F5-8E79-F6F03F7EA662}.Release|Any CPU.Build.0 = Release|Any CPU
	EndGlobalSection
	GlobalSection(SolutionProperties) = preSolution
		HideSolutionNode = FALSE
	EndGlobalSection
	GlobalSection(ExtensibilityGlobals) = postSolution
		SolutionGuid = {2282057A-2713-496D-AD17-A71C0BAED7FE}
	EndGlobalSection
EndGlobal
